
Microsoft Visual Studio Solution File, Format Version 12.00
# Visual Studio Version 17
VisualStudioVersion = 17.4.33205.214
MinimumVisualStudioVersion = 10.0.40219.1
Project("{2150E333-8FDC-42A3-9474-1A3956D46DE8}") = "01 - Testes de Unidade", "01 - Testes de Unidade", "{FC22CF11-6D76-4646-8ADF-F791E7A6B732}"
EndProject
Project("{2150E333-8FDC-42A3-9474-1A3956D46DE8}") = "1.1 - Testes Basicos", "1.1 - Testes Basicos", "{70D6BF1E-AE33-4717-B7AC-CBD8678EA518}"
EndProject
Project("{9A19103F-16F7-4668-BE54-9A1E7A4F7556}") = "Demo", "01 - Testes de Unidades\Demo\Demo.csproj", "{6E934E53-02BD-49FE-B8B6-98AA1273F42A}"
EndProject
Project("{9A19103F-16F7-4668-BE54-9A1E7A4F7556}") = "Demo.Tests", "01 - Testes de Unidades\Demo.Tests\Demo.Tests.csproj", "{01C04471-6664-451F-A199-0C94398C1BE5}"
EndProject
Project("{2150E333-8FDC-42A3-9474-1A3956D46DE8}") = "2.2 - Features", "2.2 - Features", "{1C585488-4CB2-476D-93FD-D3F21E7113F8}"
EndProject
Project("{9A19103F-16F7-4668-BE54-9A1E7A4F7556}") = "Features", "01 - Testes de Unidades\Features\Features.csproj", "{9077F127-33AD-4623-8AFC-259837944678}"
EndProject
Project("{9A19103F-16F7-4668-BE54-9A1E7A4F7556}") = "Features.Tests", "01 - Testes de Unidades\Features.Tests\Features.Tests.csproj", "{9A1F63E4-74DD-4298-A116-501BC35815A6}"
EndProject
Project("{2150E333-8FDC-42A3-9474-1A3956D46DE8}") = "02 - TDD", "02 - TDD", "{54375E9D-CBE4-4E12-B47B-DF9CF9EEC66C}"
EndProject
Project("{2150E333-8FDC-42A3-9474-1A3956D46DE8}") = "Tests", "Tests", "{FBB96BA0-B8BC-4A3F-950A-45FB6110B1BC}"
EndProject
Project("{FAE04EC0-301F-11D3-BF4B-00C04F79EFBC}") = "NerdStore.Core", "02 - TDD\src\NerdStore.Core\NerdStore.Core.csproj", "{EAA2A5E3-D72E-47E6-AA10-9109935AD26D}"
EndProject
Project("{FAE04EC0-301F-11D3-BF4B-00C04F79EFBC}") = "NerdStore.Vendas.Domain", "02 - TDD\src\NerdStore.Vendas.Domain\NerdStore.Vendas.Domain.csproj", "{8884E33A-CA39-4968-B3D8-CA555AC0BFF0}"
EndProject
Project("{FAE04EC0-301F-11D3-BF4B-00C04F79EFBC}") = "NerdStore.Vendas.Application", "02 - TDD\src\NerdStore.Vendas.Application\NerdStore.Vendas.Application.csproj", "{E4450850-B216-482E-9176-50EF9990F0D1}"
EndProject
Project("{FAE04EC0-301F-11D3-BF4B-00C04F79EFBC}") = "NerdStore.Vendas.Data", "02 - TDD\src\NerdStore.Vendas.Data\NerdStore.Vendas.Data.csproj", "{8EE3F0B5-F1B1-4761-BE78-74DAE69B358E}"
EndProject
Project("{FAE04EC0-301F-11D3-BF4B-00C04F79EFBC}") = "NerdStore.Vendas.Domain.Tests", "02 - TDD\tests\NerdStore.Vendas.Domain.Tests\NerdStore.Vendas.Domain.Tests.csproj", "{723BE7A7-B2E7-46BA-A259-2C0D72A3846A}"
EndProject
Project("{FAE04EC0-301F-11D3-BF4B-00C04F79EFBC}") = "NerdStore.Vendas.Application.Tests", "02 - TDD\tests\NerdStore.Vendas.Application.Tests\NerdStore.Vendas.Application.Tests.csproj", "{CEB94400-F54A-457E-9DB1-5330EDFA0476}"
EndProject
Global
	GlobalSection(SolutionConfigurationPlatforms) = preSolution
		Debug|Any CPU = Debug|Any CPU
		Release|Any CPU = Release|Any CPU
	EndGlobalSection
	GlobalSection(ProjectConfigurationPlatforms) = postSolution
		{6E934E53-02BD-49FE-B8B6-98AA1273F42A}.Debug|Any CPU.ActiveCfg = Debug|Any CPU
		{6E934E53-02BD-49FE-B8B6-98AA1273F42A}.Debug|Any CPU.Build.0 = Debug|Any CPU
		{6E934E53-02BD-49FE-B8B6-98AA1273F42A}.Release|Any CPU.ActiveCfg = Release|Any CPU
		{6E934E53-02BD-49FE-B8B6-98AA1273F42A}.Release|Any CPU.Build.0 = Release|Any CPU
		{01C04471-6664-451F-A199-0C94398C1BE5}.Debug|Any CPU.ActiveCfg = Debug|Any CPU
		{01C04471-6664-451F-A199-0C94398C1BE5}.Debug|Any CPU.Build.0 = Debug|Any CPU
		{01C04471-6664-451F-A199-0C94398C1BE5}.Release|Any CPU.ActiveCfg = Release|Any CPU
		{01C04471-6664-451F-A199-0C94398C1BE5}.Release|Any CPU.Build.0 = Release|Any CPU
		{9077F127-33AD-4623-8AFC-259837944678}.Debug|Any CPU.ActiveCfg = Debug|Any CPU
		{9077F127-33AD-4623-8AFC-259837944678}.Debug|Any CPU.Build.0 = Debug|Any CPU
		{9077F127-33AD-4623-8AFC-259837944678}.Release|Any CPU.ActiveCfg = Release|Any CPU
		{9077F127-33AD-4623-8AFC-259837944678}.Release|Any CPU.Build.0 = Release|Any CPU
		{9A1F63E4-74DD-4298-A116-501BC35815A6}.Debug|Any CPU.ActiveCfg = Debug|Any CPU
		{9A1F63E4-74DD-4298-A116-501BC35815A6}.Debug|Any CPU.Build.0 = Debug|Any CPU
		{9A1F63E4-74DD-4298-A116-501BC35815A6}.Release|Any CPU.ActiveCfg = Release|Any CPU
		{9A1F63E4-74DD-4298-A116-501BC35815A6}.Release|Any CPU.Build.0 = Release|Any CPU
		{EAA2A5E3-D72E-47E6-AA10-9109935AD26D}.Debug|Any CPU.ActiveCfg = Debug|Any CPU
		{EAA2A5E3-D72E-47E6-AA10-9109935AD26D}.Debug|Any CPU.Build.0 = Debug|Any CPU
		{EAA2A5E3-D72E-47E6-AA10-9109935AD26D}.Release|Any CPU.ActiveCfg = Release|Any CPU
		{EAA2A5E3-D72E-47E6-AA10-9109935AD26D}.Release|Any CPU.Build.0 = Release|Any CPU
		{8884E33A-CA39-4968-B3D8-CA555AC0BFF0}.Debug|Any CPU.ActiveCfg = Debug|Any CPU
		{8884E33A-CA39-4968-B3D8-CA555AC0BFF0}.Debug|Any CPU.Build.0 = Debug|Any CPU
		{8884E33A-CA39-4968-B3D8-CA555AC0BFF0}.Release|Any CPU.ActiveCfg = Release|Any CPU
		{8884E33A-CA39-4968-B3D8-CA555AC0BFF0}.Release|Any CPU.Build.0 = Release|Any CPU
		{E4450850-B216-482E-9176-50EF9990F0D1}.Debug|Any CPU.ActiveCfg = Debug|Any CPU
		{E4450850-B216-482E-9176-50EF9990F0D1}.Debug|Any CPU.Build.0 = Debug|Any CPU
		{E4450850-B216-482E-9176-50EF9990F0D1}.Release|Any CPU.ActiveCfg = Release|Any CPU
		{E4450850-B216-482E-9176-50EF9990F0D1}.Release|Any CPU.Build.0 = Release|Any CPU
		{8EE3F0B5-F1B1-4761-BE78-74DAE69B358E}.Debug|Any CPU.ActiveCfg = Debug|Any CPU
		{8EE3F0B5-F1B1-4761-BE78-74DAE69B358E}.Debug|Any CPU.Build.0 = Debug|Any CPU
		{8EE3F0B5-F1B1-4761-BE78-74DAE69B358E}.Release|Any CPU.ActiveCfg = Release|Any CPU
		{8EE3F0B5-F1B1-4761-BE78-74DAE69B358E}.Release|Any CPU.Build.0 = Release|Any CPU
		{723BE7A7-B2E7-46BA-A259-2C0D72A3846A}.Debug|Any CPU.ActiveCfg = Debug|Any CPU
		{723BE7A7-B2E7-46BA-A259-2C0D72A3846A}.Debug|Any CPU.Build.0 = Debug|Any CPU
		{723BE7A7-B2E7-46BA-A259-2C0D72A3846A}.Release|Any CPU.ActiveCfg = Release|Any CPU
		{723BE7A7-B2E7-46BA-A259-2C0D72A3846A}.Release|Any CPU.Build.0 = Release|Any CPU
		{CEB94400-F54A-457E-9DB1-5330EDFA0476}.Debug|Any CPU.ActiveCfg = Debug|Any CPU
		{CEB94400-F54A-457E-9DB1-5330EDFA0476}.Debug|Any CPU.Build.0 = Debug|Any CPU
		{CEB94400-F54A-457E-9DB1-5330EDFA0476}.Release|Any CPU.ActiveCfg = Release|Any CPU
		{CEB94400-F54A-457E-9DB1-5330EDFA0476}.Release|Any CPU.Build.0 = Release|Any CPU
	EndGlobalSection
	GlobalSection(SolutionProperties) = preSolution
		HideSolutionNode = FALSE
	EndGlobalSection
	GlobalSection(NestedProjects) = preSolution
		{70D6BF1E-AE33-4717-B7AC-CBD8678EA518} = {FC22CF11-6D76-4646-8ADF-F791E7A6B732}
		{6E934E53-02BD-49FE-B8B6-98AA1273F42A} = {70D6BF1E-AE33-4717-B7AC-CBD8678EA518}
		{01C04471-6664-451F-A199-0C94398C1BE5} = {70D6BF1E-AE33-4717-B7AC-CBD8678EA518}
		{1C585488-4CB2-476D-93FD-D3F21E7113F8} = {FC22CF11-6D76-4646-8ADF-F791E7A6B732}
		{9077F127-33AD-4623-8AFC-259837944678} = {1C585488-4CB2-476D-93FD-D3F21E7113F8}
		{9A1F63E4-74DD-4298-A116-501BC35815A6} = {1C585488-4CB2-476D-93FD-D3F21E7113F8}
		{FBB96BA0-B8BC-4A3F-950A-45FB6110B1BC} = {54375E9D-CBE4-4E12-B47B-DF9CF9EEC66C}
		{EAA2A5E3-D72E-47E6-AA10-9109935AD26D} = {54375E9D-CBE4-4E12-B47B-DF9CF9EEC66C}
		{8884E33A-CA39-4968-B3D8-CA555AC0BFF0} = {54375E9D-CBE4-4E12-B47B-DF9CF9EEC66C}
		{E4450850-B216-482E-9176-50EF9990F0D1} = {54375E9D-CBE4-4E12-B47B-DF9CF9EEC66C}
		{8EE3F0B5-F1B1-4761-BE78-74DAE69B358E} = {54375E9D-CBE4-4E12-B47B-DF9CF9EEC66C}
		{723BE7A7-B2E7-46BA-A259-2C0D72A3846A} = {FBB96BA0-B8BC-4A3F-950A-45FB6110B1BC}
		{CEB94400-F54A-457E-9DB1-5330EDFA0476} = {FBB96BA0-B8BC-4A3F-950A-45FB6110B1BC}
	EndGlobalSection
	GlobalSection(ExtensibilityGlobals) = postSolution
		SolutionGuid = {A2568147-7DC4-48D5-B193-A48470330EF2}
	EndGlobalSection
EndGlobal
